
Microsoft Visual Studio Solution File, Format Version 12.00
# Visual Studio 2013
VisualStudioVersion = 12.0.31101.0
MinimumVisualStudioVersion = 10.0.40219.1
Project("{FAE04EC0-301F-11D3-BF4B-00C04F79EFBC}") = "EquipmentManagementSystem.Core", "EquipmentManagementSystem.Core\EquipmentManagementSystem.Core.csproj", "{16EDAAF4-6447-47AB-A74B-86F9C0386B20}"
EndProject
Project("{FAE04EC0-301F-11D3-BF4B-00C04F79EFBC}") = "EquipmentManagementSystem.Data", "EquipmentManagementSystem.Data\EquipmentManagementSystem.Data.csproj", "{B94F2FB5-D325-4089-B5C5-1B81DF5E5076}"
EndProject
Project("{FAE04EC0-301F-11D3-BF4B-00C04F79EFBC}") = "EquipmentManagementSystem.Framework", "EquipmentManagementSystem.Framework\EquipmentManagementSystem.Framework.csproj", "{6102A9F8-23D3-43EC-9889-6555C194684B}"
EndProject
Project("{FAE04EC0-301F-11D3-BF4B-00C04F79EFBC}") = "EquipmentManagementSystem.Services", "EquipmentManagementSystem.Services\EquipmentManagementSystem.Services.csproj", "{40162DA7-7D47-4708-ABFF-768021DCA8AC}"
EndProject
Project("{FAE04EC0-301F-11D3-BF4B-00C04F79EFBC}") = "EquipmentManagementSystem.Web", "EquipmentManagementSystem.Web\EquipmentManagementSystem.Web.csproj", "{F468E1DC-1BAE-4E0B-A219-D6490AD17449}"
EndProject
Global
	GlobalSection(SolutionConfigurationPlatforms) = preSolution
		Debug|Any CPU = Debug|Any CPU
		Release|Any CPU = Release|Any CPU
	EndGlobalSection
	GlobalSection(ProjectConfigurationPlatforms) = postSolution
		{16EDAAF4-6447-47AB-A74B-86F9C0386B20}.Debug|Any CPU.ActiveCfg = Debug|Any CPU
		{16EDAAF4-6447-47AB-A74B-86F9C0386B20}.Debug|Any CPU.Build.0 = Debug|Any CPU
		{16EDAAF4-6447-47AB-A74B-86F9C0386B20}.Release|Any CPU.ActiveCfg = Release|Any CPU
		{16EDAAF4-6447-47AB-A74B-86F9C0386B20}.Release|Any CPU.Build.0 = Release|Any CPU
		{B94F2FB5-D325-4089-B5C5-1B81DF5E5076}.Debug|Any CPU.ActiveCfg = Debug|Any CPU
		{B94F2FB5-D325-4089-B5C5-1B81DF5E5076}.Debug|Any CPU.Build.0 = Debug|Any CPU
		{B94F2FB5-D325-4089-B5C5-1B81DF5E5076}.Release|Any CPU.ActiveCfg = Release|Any CPU
		{B94F2FB5-D325-4089-B5C5-1B81DF5E5076}.Release|Any CPU.Build.0 = Release|Any CPU
		{6102A9F8-23D3-43EC-9889-6555C194684B}.Debug|Any CPU.ActiveCfg = Debug|Any CPU
		{6102A9F8-23D3-43EC-9889-6555C194684B}.Debug|Any CPU.Build.0 = Debug|Any CPU
		{6102A9F8-23D3-43EC-9889-6555C194684B}.Release|Any CPU.ActiveCfg = Release|Any CPU
		{6102A9F8-23D3-43EC-9889-6555C194684B}.Release|Any CPU.Build.0 = Release|Any CPU
		{40162DA7-7D47-4708-ABFF-768021DCA8AC}.Debug|Any CPU.ActiveCfg = Debug|Any CPU
		{40162DA7-7D47-4708-ABFF-768021DCA8AC}.Debug|Any CPU.Build.0 = Debug|Any CPU
		{40162DA7-7D47-4708-ABFF-768021DCA8AC}.Release|Any CPU.ActiveCfg = Release|Any CPU
		{40162DA7-7D47-4708-ABFF-768021DCA8AC}.Release|Any CPU.Build.0 = Release|Any CPU
		{F468E1DC-1BAE-4E0B-A219-D6490AD17449}.Debug|Any CPU.ActiveCfg = Debug|Any CPU
		{F468E1DC-1BAE-4E0B-A219-D6490AD17449}.Debug|Any CPU.Build.0 = Debug|Any CPU
		{F468E1DC-1BAE-4E0B-A219-D6490AD17449}.Release|Any CPU.ActiveCfg = Release|Any CPU
		{F468E1DC-1BAE-4E0B-A219-D6490AD17449}.Release|Any CPU.Build.0 = Release|Any CPU
	EndGlobalSection
	GlobalSection(SolutionProperties) = preSolution
		HideSolutionNode = FALSE
	EndGlobalSection
EndGlobal
